// !$*UTF8*$!
{
	archiveVersion = 1;
	classes = {
	};
	objectVersion = 50;
	objects = {

/* Begin PBXBuildFile section */
		52A4EF9E210A06BA001790EA /* AppDelegate.m in Sources */ = {isa = PBXBuildFile; fileRef = 52A4EF9D210A06BA001790EA /* AppDelegate.m */; };
		52A4EFA6210A06BB001790EA /* Assets.xcassets in Resources */ = {isa = PBXBuildFile; fileRef = 52A4EFA5210A06BB001790EA /* Assets.xcassets */; };
		52A4EFA9210A06BB001790EA /* LaunchScreen.storyboard in Resources */ = {isa = PBXBuildFile; fileRef = 52A4EFA7210A06BB001790EA /* LaunchScreen.storyboard */; };
		52A4EFAC210A06BB001790EA /* main.m in Sources */ = {isa = PBXBuildFile; fileRef = 52A4EFAB210A06BB001790EA /* main.m */; };
		52A4EFB4210A06F1001790EA /* TableViewController.m in Sources */ = {isa = PBXBuildFile; fileRef = 52A4EFB3210A06F1001790EA /* TableViewController.m */; };
/* End PBXBuildFile section */

/* Begin PBXFileReference section */
		52A4EF99210A06BA001790EA /* PropMemFun.app */ = {isa = PBXFileReference; explicitFileType = wrapper.application; includeInIndex = 0; path = PropMemFun.app; sourceTree = BUILT_PRODUCTS_DIR; };
		52A4EF9C210A06BA001790EA /* AppDelegate.h */ = {isa = PBXFileReference; lastKnownFileType = sourcecode.c.h; path = AppDelegate.h; sourceTree = "<group>"; };
		52A4EF9D210A06BA001790EA /* AppDelegate.m */ = {isa = PBXFileReference; lastKnownFileType = sourcecode.c.objc; path = AppDelegate.m; sourceTree = "<group>"; };
		52A4EFA5210A06BB001790EA /* Assets.xcassets */ = {isa = PBXFileReference; lastKnownFileType = folder.assetcatalog; path = Assets.xcassets; sourceTree = "<group>"; };
		52A4EFA8210A06BB001790EA /* Base */ = {isa = PBXFileReference; lastKnownFileType = file.storyboard; name = Base; path = Base.lproj/LaunchScreen.storyboard; sourceTree = "<group>"; };
		52A4EFAA210A06BB001790EA /* Info.plist */ = {isa = PBXFileReference; lastKnownFileType = text.plist.xml; path = Info.plist; sourceTree = "<group>"; };
		52A4EFAB210A06BB001790EA /* main.m */ = {isa = PBXFileReference; lastKnownFileType = sourcecode.c.objc; path = main.m; sourceTree = "<group>"; };
		52A4EFB2210A06F1001790EA /* TableViewController.h */ = {isa = PBXFileReference; lastKnownFileType = sourcecode.c.h; path = TableViewController.h; sourceTree = "<group>"; };
		52A4EFB3210A06F1001790EA /* TableViewController.m */ = {isa = PBXFileReference; lastKnownFileType = sourcecode.c.objc; path = TableViewController.m; sourceTree = "<group>"; };
/* End PBXFileReference section */

/* Begin PBXFrameworksBuildPhase section */
		52A4EF96210A06BA001790EA /* Frameworks */ = {
			isa = PBXFrameworksBuildPhase;
			buildActionMask = 2147483647;
			files = (
			);
			runOnlyForDeploymentPostprocessing = 0;
		};
/* End PBXFrameworksBuildPhase section */

/* Begin PBXGroup section */
		527C0C48210AFD7B0085D414 /* ViewControllers */ = {
			isa = PBXGroup;
			children = (
				52A4EFB2210A06F1001790EA /* TableViewController.h */,
				52A4EFB3210A06F1001790EA /* TableViewController.m */,
			);
			path = ViewControllers;
			sourceTree = "<group>";
		};
		52A4EF90210A06BA001790EA = {
			isa = PBXGroup;
			children = (
				52A4EF9B210A06BA001790EA /* PropMemFun */,
				52A4EF9A210A06BA001790EA /* Products */,
			);
			sourceTree = "<group>";
		};
		52A4EF9A210A06BA001790EA /* Products */ = {
			isa = PBXGroup;
			children = (
				52A4EF99210A06BA001790EA /* PropMemFun.app */,
			);
			name = Products;
			sourceTree = "<group>";
		};
		52A4EF9B210A06BA001790EA /* PropMemFun */ = {
			isa = PBXGroup;
			children = (
				52A4EF9C210A06BA001790EA /* AppDelegate.h */,
				52A4EF9D210A06BA001790EA /* AppDelegate.m */,
				527C0C48210AFD7B0085D414 /* ViewControllers */,
				52A4EFB5210A07E6001790EA /* SupportingFiles */,
				52A4EFAB210A06BB001790EA /* main.m */,
			);
			path = PropMemFun;
			sourceTree = "<group>";
		};
		52A4EFB5210A07E6001790EA /* SupportingFiles */ = {
			isa = PBXGroup;
			children = (
				52A4EFA5210A06BB001790EA /* Assets.xcassets */,
				52A4EFA7210A06BB001790EA /* LaunchScreen.storyboard */,
				52A4EFAA210A06BB001790EA /* Info.plist */,
			);
			path = SupportingFiles;
			sourceTree = "<group>";
		};
/* End PBXGroup section */

/* Begin PBXNativeTarget section */
		52A4EF98210A06BA001790EA /* PropMemFun */ = {
			isa = PBXNativeTarget;
			buildConfigurationList = 52A4EFAF210A06BB001790EA /* Build configuration list for PBXNativeTarget "PropMemFun" */;
			buildPhases = (
				52A4EF95210A06BA001790EA /* Sources */,
				52A4EF96210A06BA001790EA /* Frameworks */,
				52A4EF97210A06BA001790EA /* Resources */,
			);
			buildRules = (
			);
			dependencies = (
			);
			name = PropMemFun;
			productName = PropMemFun;
			productReference = 52A4EF99210A06BA001790EA /* PropMemFun.app */;
			productType = "com.apple.product-type.application";
		};
/* End PBXNativeTarget section */

/* Begin PBXProject section */
		52A4EF91210A06BA001790EA /* Project object */ = {
			isa = PBXProject;
			attributes = {
				LastUpgradeCheck = 0940;
				ORGANIZATIONNAME = dimasno1;
				TargetAttributes = {
					52A4EF98210A06BA001790EA = {
						CreatedOnToolsVersion = 9.4.1;
					};
				};
			};
			buildConfigurationList = 52A4EF94210A06BA001790EA /* Build configuration list for PBXProject "PropMemFun" */;
			compatibilityVersion = "Xcode 9.3";
			developmentRegion = en;
			hasScannedForEncodings = 0;
			knownRegions = (
				en,
				Base,
			);
			mainGroup = 52A4EF90210A06BA001790EA;
			productRefGroup = 52A4EF9A210A06BA001790EA /* Products */;
			projectDirPath = "";
			projectRoot = "";
			targets = (
				52A4EF98210A06BA001790EA /* PropMemFun */,
			);
		};
/* End PBXProject section */

/* Begin PBXResourcesBuildPhase section */
		52A4EF97210A06BA001790EA /* Resources */ = {
			isa = PBXResourcesBuildPhase;
			buildActionMask = 2147483647;
			files = (
				52A4EFA9210A06BB001790EA /* LaunchScreen.storyboard in Resources */,
				52A4EFA6210A06BB001790EA /* Assets.xcassets in Resources */,
			);
			runOnlyForDeploymentPostprocessing = 0;
		};
/* End PBXResourcesBuildPhase section */

/* Begin PBXSourcesBuildPhase section */
		52A4EF95210A06BA001790EA /* Sources */ = {
			isa = PBXSourcesBuildPhase;
			buildActionMask = 2147483647;
			files = (
				52A4EFAC210A06BB001790EA /* main.m in Sources */,
				52A4EF9E210A06BA001790EA /* AppDelegate.m in Sources */,
				52A4EFB4210A06F1001790EA /* TableViewController.m in Sources */,
			);
			runOnlyForDeploymentPostprocessing = 0;
		};
/* End PBXSourcesBuildPhase section */

/* Begin PBXVariantGroup section */
		52A4EFA7210A06BB001790EA /* LaunchScreen.storyboard */ = {
			isa = PBXVariantGroup;
			children = (
				52A4EFA8210A06BB001790EA /* Base */,
			);
			name = LaunchScreen.storyboard;
			sourceTree = "<group>";
		};
/* End PBXVariantGroup section */

/* Begin XCBuildConfiguration section */
		52A4EFAD210A06BB001790EA /* Debug */ = {
			isa = XCBuildConfiguration;
			buildSettings = {
				ALWAYS_SEARCH_USER_PATHS = NO;
				CLANG_ANALYZER_NONNULL = YES;
				CLANG_ANALYZER_NUMBER_OBJECT_CONVERSION = YES_AGGRESSIVE;
				CLANG_CXX_LANGUAGE_STANDARD = "gnu++14";
				CLANG_CXX_LIBRARY = "libc++";
				CLANG_ENABLE_MODULES = YES;
				CLANG_ENABLE_OBJC_ARC = YES;
				CLANG_ENABLE_OBJC_WEAK = YES;
				CLANG_WARN_BLOCK_CAPTURE_AUTORELEASING = YES;
				CLANG_WARN_BOOL_CONVERSION = YES;
				CLANG_WARN_COMMA = YES;
				CLANG_WARN_CONSTANT_CONVERSION = YES;
				CLANG_WARN_DEPRECATED_OBJC_IMPLEMENTATIONS = YES;
				CLANG_WARN_DIRECT_OBJC_ISA_USAGE = YES_ERROR;
				CLANG_WARN_DOCUMENTATION_COMMENTS = YES;
				CLANG_WARN_EMPTY_BODY = YES;
				CLANG_WARN_ENUM_CONVERSION = YES;
				CLANG_WARN_INFINITE_RECURSION = YES;
				CLANG_WARN_INT_CONVERSION = YES;
				CLANG_WARN_NON_LITERAL_NULL_CONVERSION = YES;
				CLANG_WARN_OBJC_IMPLICIT_RETAIN_SELF = YES;
				CLANG_WARN_OBJC_LITERAL_CONVERSION = YES;
				CLANG_WARN_OBJC_ROOT_CLASS = YES_ERROR;
				CLANG_WARN_RANGE_LOOP_ANALYSIS = YES;
				CLANG_WARN_STRICT_PROTOTYPES = YES;
				CLANG_WARN_SUSPICIOUS_MOVE = YES;
				CLANG_WARN_UNGUARDED_AVAILABILITY = YES_AGGRESSIVE;
				CLANG_WARN_UNREACHABLE_CODE = YES;
				CLANG_WARN__DUPLICATE_METHOD_MATCH = YES;
				CODE_SIGN_IDENTITY = "iPhone Developer";
				COPY_PHASE_STRIP = NO;
				DEBUG_INFORMATION_FORMAT = dwarf;
				ENABLE_STRICT_OBJC_MSGSEND = YES;
				ENABLE_TESTABILITY = YES;
				GCC_C_LANGUAGE_STANDARD = gnu11;
				GCC_DYNAMIC_NO_PIC = NO;
				GCC_NO_COMMON_BLOCKS = YES;
				GCC_OPTIMIZATION_LEVEL = 0;
				GCC_PREPROCESSOR_DEFINITIONS = (
					"DEBUG=1",
					"$(inherited)",
				);
				GCC_WARN_64_TO_32_BIT_CONVERSION = YES;
				GCC_WARN_ABOUT_RETURN_TYPE = YES_ERROR;
				GCC_WARN_UNDECLARED_SELECTOR = YES;
				GCC_WARN_UNINITIALIZED_AUTOS = YES_AGGRESSIVE;
				GCC_WARN_UNUSED_FUNCTION = YES;
				GCC_WARN_UNUSED_VARIABLE = YES;
				IPHONEOS_DEPLOYMENT_TARGET = 11.4;
				MTL_ENABLE_DEBUG_INFO = YES;
				ONLY_ACTIVE_ARCH = YES;
				SDKROOT = iphoneos;
			};
			name = Debug;
		};
		52A4EFAE210A06BB001790EA /* Release */ = {
			isa = XCBuildConfiguration;
			buildSettings = {
				ALWAYS_SEARCH_USER_PATHS = NO;
				CLANG_ANALYZER_NONNULL = YES;
				CLANG_ANALYZER_NUMBER_OBJECT_CONVERSION = YES_AGGRESSIVE;
				CLANG_CXX_LANGUAGE_STANDARD = "gnu++14";
				CLANG_CXX_LIBRARY = "libc++";
				CLANG_ENABLE_MODULES = YES;
				CLANG_ENABLE_OBJC_ARC = YES;
				CLANG_ENABLE_OBJC_WEAK = YES;
				CLANG_WARN_BLOCK_CAPTURE_AUTORELEASING = YES;
				CLANG_WARN_BOOL_CONVERSION = YES;
				CLANG_WARN_COMMA = YES;
				CLANG_WARN_CONSTANT_CONVERSION = YES;
				CLANG_WARN_DEPRECATED_OBJC_IMPLEMENTATIONS = YES;
				CLANG_WARN_DIRECT_OBJC_ISA_USAGE = YES_ERROR;
				CLANG_WARN_DOCUMENTATION_COMMENTS = YES;
				CLANG_WARN_EMPTY_BODY = YES;
				CLANG_WARN_ENUM_CONVERSION = YES;
				CLANG_WARN_INFINITE_RECURSION = YES;
				CLANG_WARN_INT_CONVERSION = YES;
				CLANG_WARN_NON_LITERAL_NULL_CONVERSION = YES;
				CLANG_WARN_OBJC_IMPLICIT_RETAIN_SELF = YES;
				CLANG_WARN_OBJC_LITERAL_CONVERSION = YES;
				CLANG_WARN_OBJC_ROOT_CLASS = YES_ERROR;
				CLANG_WARN_RANGE_LOOP_ANALYSIS = YES;
				CLANG_WARN_STRICT_PROTOTYPES = YES;
				CLANG_WARN_SUSPICIOUS_MOVE = YES;
				CLANG_WARN_UNGUARDED_AVAILABILITY = YES_AGGRESSIVE;
				CLANG_WARN_UNREACHABLE_CODE = YES;
				CLANG_WARN__DUPLICATE_METHOD_MATCH = YES;
				CODE_SIGN_IDENTITY = "iPhone Developer";
				COPY_PHASE_STRIP = NO;
				DEBUG_INFORMATION_FORMAT = "dwarf-with-dsym";
				ENABLE_NS_ASSERTIONS = NO;
				ENABLE_STRICT_OBJC_MSGSEND = YES;
				GCC_C_LANGUAGE_STANDARD = gnu11;
				GCC_NO_COMMON_BLOCKS = YES;
				GCC_WARN_64_TO_32_BIT_CONVERSION = YES;
				GCC_WARN_ABOUT_RETURN_TYPE = YES_ERROR;
				GCC_WARN_UNDECLARED_SELECTOR = YES;
				GCC_WARN_UNINITIALIZED_AUTOS = YES_AGGRESSIVE;
				GCC_WARN_UNUSED_FUNCTION = YES;
				GCC_WARN_UNUSED_VARIABLE = YES;
				IPHONEOS_DEPLOYMENT_TARGET = 11.4;
				MTL_ENABLE_DEBUG_INFO = NO;
				SDKROOT = iphoneos;
				VALIDATE_PRODUCT = YES;
			};
			name = Release;
		};
		52A4EFB0210A06BB001790EA /* Debug */ = {
			isa = XCBuildConfiguration;
			buildSettings = {
				ASSETCATALOG_COMPILER_APPICON_NAME = AppIcon;
				CLANG_ENABLE_OBJC_ARC = NO;
				CODE_SIGN_STYLE = Automatic;
				DEVELOPMENT_TEAM = P99EM85EA2;
				INFOPLIST_FILE = "$(SRCROOT)/PropMemFun/SupportingFiles/Info.plist";
				LD_RUNPATH_SEARCH_PATHS = (
					"$(inherited)",
					"@executable_path/Frameworks",
				);
				PRODUCT_BUNDLE_IDENTIFIER = com.dimasno1.PropMemFun;
				PRODUCT_NAME = "$(TARGET_NAME)";
				TARGETED_DEVICE_FAMILY = "1,2";
			};
			name = Debug;
		};
		52A4EFB1210A06BB001790EA /* Release */ = {
			isa = XCBuildConfiguration;
			buildSettings = {
				ASSETCATALOG_COMPILER_APPICON_NAME = AppIcon;
				CLANG_ENABLE_OBJC_ARC = NO;
				CODE_SIGN_STYLE = Automatic;
				DEVELOPMENT_TEAM = P99EM85EA2;
				INFOPLIST_FILE = "$(SRCROOT)/PropMemFun/SupportingFiles/Info.plist";
				LD_RUNPATH_SEARCH_PATHS = (
					"$(inherited)",
					"@executable_path/Frameworks",
				);
				PRODUCT_BUNDLE_IDENTIFIER = com.dimasno1.PropMemFun;
				PRODUCT_NAME = "$(TARGET_NAME)";
				TARGETED_DEVICE_FAMILY = "1,2";
			};
			name = Release;
		};
/* End XCBuildConfiguration section */

/* Begin XCConfigurationList section */
		52A4EF94210A06BA001790EA /* Build configuration list for PBXProject "PropMemFun" */ = {
			isa = XCConfigurationList;
			buildConfigurations = (
				52A4EFAD210A06BB001790EA /* Debug */,
				52A4EFAE210A06BB001790EA /* Release */,
			);
			defaultConfigurationIsVisible = 0;
			defaultConfigurationName = Release;
		};
		52A4EFAF210A06BB001790EA /* Build configuration list for PBXNativeTarget "PropMemFun" */ = {
			isa = XCConfigurationList;
			buildConfigurations = (
				52A4EFB0210A06BB001790EA /* Debug */,
				52A4EFB1210A06BB001790EA /* Release */,
			);
			defaultConfigurationIsVisible = 0;
			defaultConfigurationName = Release;
		};
/* End XCConfigurationList section */
	};
	rootObject = 52A4EF91210A06BA001790EA /* Project object */;
}
